
Microsoft Visual Studio Solution File, Format Version 12.00
# Visual Studio Version 17
VisualStudioVersion = 17.4.33213.308
MinimumVisualStudioVersion = 10.0.40219.1
Project("{FAE04EC0-301F-11D3-BF4B-00C04F79EFBC}") = "InheritanceAssignment", "InheritanceAssignment\InheritanceAssignment.csproj", "{C0D5C0B5-D4C7-480F-8676-62AAB067F414}"
EndProject
Global
	GlobalSection(SolutionConfigurationPlatforms) = preSolution
		Debug|Any CPU = Debug|Any CPU
		Release|Any CPU = Release|Any CPU
	EndGlobalSection
	GlobalSection(ProjectConfigurationPlatforms) = postSolution
		{C0D5C0B5-D4C7-480F-8676-62AAB067F414}.Debug|Any CPU.ActiveCfg = Debug|Any CPU
		{C0D5C0B5-D4C7-480F-8676-62AAB067F414}.Debug|Any CPU.Build.0 = Debug|Any CPU
		{C0D5C0B5-D4C7-480F-8676-62AAB067F414}.Release|Any CPU.ActiveCfg = Release|Any CPU
		{C0D5C0B5-D4C7-480F-8676-62AAB067F414}.Release|Any CPU.Build.0 = Release|Any CPU
	EndGlobalSection
	GlobalSection(SolutionProperties) = preSolution
		HideSolutionNode = FALSE
	EndGlobalSection
	GlobalSection(ExtensibilityGlobals) = postSolution
		SolutionGuid = {DBF6F51F-49E1-4E75-B3EE-E9D13D506534}
	EndGlobalSection
EndGlobal
